
Microsoft Visual Studio Solution File, Format Version 12.00
# Visual Studio Version 16
VisualStudioVersion = 16.0.31702.278
MinimumVisualStudioVersion = 10.0.40219.1
Project("{FAE04EC0-301F-11D3-BF4B-00C04F79EFBC}") = "BankApplication", "BankApplicationPrudhviRajV1\BankApplication.csproj", "{1A7E64DA-441E-4491-B874-618399B31ECB}"
EndProject
Global
	GlobalSection(SolutionConfigurationPlatforms) = preSolution
		Debug|Any CPU = Debug|Any CPU
		Release|Any CPU = Release|Any CPU
	EndGlobalSection
	GlobalSection(ProjectConfigurationPlatforms) = postSolution
		{1A7E64DA-441E-4491-B874-618399B31ECB}.Debug|Any CPU.ActiveCfg = Debug|Any CPU
		{1A7E64DA-441E-4491-B874-618399B31ECB}.Debug|Any CPU.Build.0 = Debug|Any CPU
		{1A7E64DA-441E-4491-B874-618399B31ECB}.Release|Any CPU.ActiveCfg = Release|Any CPU
		{1A7E64DA-441E-4491-B874-618399B31ECB}.Release|Any CPU.Build.0 = Release|Any CPU
	EndGlobalSection
	GlobalSection(SolutionProperties) = preSolution
		HideSolutionNode = FALSE
	EndGlobalSection
	GlobalSection(ExtensibilityGlobals) = postSolution
		SolutionGuid = {4955662A-38C8-417B-B111-1BBD688B68B1}
	EndGlobalSection
EndGlobal
